// !$*UTF8*$!
{
	archiveVersion = 1;
	classes = {
	};
	objectVersion = 46;
	objects = {

/* Begin PBXBuildFile section */
		DB2659C11D988807009BD2B1 /* RNSpotify.m in Sources */ = {isa = PBXBuildFile; fileRef = DB2659C01D988807009BD2B1 /* RNSpotify.m */; };
		DB2659C21D988807009BD2B1 /* RNSpotify.h in CopyFiles */ = {isa = PBXBuildFile; fileRef = DB2659BF1D988807009BD2B1 /* RNSpotify.h */; };
		DB2659CE1D98897C009BD2B1 /* AVFoundation.framework in Frameworks */ = {isa = PBXBuildFile; fileRef = DB2659CD1D98897C009BD2B1 /* AVFoundation.framework */; };
		DB265A471D98E651009BD2B1 /* SystemConfiguration.framework in Frameworks */ = {isa = PBXBuildFile; fileRef = DB265A461D98E651009BD2B1 /* SystemConfiguration.framework */; };
		DB3DD2331D9A2EB000814C14 /* MediaPlayer.framework in Frameworks */ = {isa = PBXBuildFile; fileRef = DB3DD2321D9A2EB000814C14 /* MediaPlayer.framework */; };
/* End PBXBuildFile section */

/* Begin PBXCopyFilesBuildPhase section */
		DB2659BA1D988807009BD2B1 /* CopyFiles */ = {
			isa = PBXCopyFilesBuildPhase;
			buildActionMask = 2147483647;
			dstPath = "include/$(PRODUCT_NAME)";
			dstSubfolderSpec = 16;
			files = (
				DB2659C21D988807009BD2B1 /* RNSpotify.h in CopyFiles */,
			);
			runOnlyForDeploymentPostprocessing = 0;
		};
/* End PBXCopyFilesBuildPhase section */

/* Begin PBXFileReference section */
		DB2659BC1D988807009BD2B1 /* libRNSpotify.a */ = {isa = PBXFileReference; explicitFileType = archive.ar; includeInIndex = 0; path = libRNSpotify.a; sourceTree = BUILT_PRODUCTS_DIR; };
		DB2659BF1D988807009BD2B1 /* RNSpotify.h */ = {isa = PBXFileReference; lastKnownFileType = sourcecode.c.h; path = RNSpotify.h; sourceTree = "<group>"; };
		DB2659C01D988807009BD2B1 /* RNSpotify.m */ = {isa = PBXFileReference; lastKnownFileType = sourcecode.c.objc; path = RNSpotify.m; sourceTree = "<group>"; };
		DB2659CD1D98897C009BD2B1 /* AVFoundation.framework */ = {isa = PBXFileReference; lastKnownFileType = wrapper.framework; name = AVFoundation.framework; path = System/Library/Frameworks/AVFoundation.framework; sourceTree = SDKROOT; };
		DB265A461D98E651009BD2B1 /* SystemConfiguration.framework */ = {isa = PBXFileReference; lastKnownFileType = wrapper.framework; name = SystemConfiguration.framework; path = System/Library/Frameworks/SystemConfiguration.framework; sourceTree = SDKROOT; };
		DB3DD2321D9A2EB000814C14 /* MediaPlayer.framework */ = {isa = PBXFileReference; lastKnownFileType = wrapper.framework; name = MediaPlayer.framework; path = System/Library/Frameworks/MediaPlayer.framework; sourceTree = SDKROOT; };
/* End PBXFileReference section */

/* Begin PBXFrameworksBuildPhase section */
		DB2659B91D988807009BD2B1 /* Frameworks */ = {
			isa = PBXFrameworksBuildPhase;
			buildActionMask = 2147483647;
			files = (
				DB3DD2331D9A2EB000814C14 /* MediaPlayer.framework in Frameworks */,
				DB265A471D98E651009BD2B1 /* SystemConfiguration.framework in Frameworks */,
				DB2659CE1D98897C009BD2B1 /* AVFoundation.framework in Frameworks */,
			);
			runOnlyForDeploymentPostprocessing = 0;
		};
/* End PBXFrameworksBuildPhase section */

/* Begin PBXGroup section */
		DB2659B31D988807009BD2B1 = {
			isa = PBXGroup;
			children = (
				DB2659BE1D988807009BD2B1 /* RNSpotify */,
				DB2659BD1D988807009BD2B1 /* Products */,
				DB2659C81D9888F9009BD2B1 /* Frameworks */,
			);
			sourceTree = "<group>";
		};
		DB2659BD1D988807009BD2B1 /* Products */ = {
			isa = PBXGroup;
			children = (
				DB2659BC1D988807009BD2B1 /* libRNSpotify.a */,
			);
			name = Products;
			sourceTree = "<group>";
		};
		DB2659BE1D988807009BD2B1 /* RNSpotify */ = {
			isa = PBXGroup;
			children = (
				DB2659BF1D988807009BD2B1 /* RNSpotify.h */,
				DB2659C01D988807009BD2B1 /* RNSpotify.m */,
			);
			path = RNSpotify;
			sourceTree = "<group>";
		};
		DB2659C81D9888F9009BD2B1 /* Frameworks */ = {
			isa = PBXGroup;
			children = (
				DB3DD2321D9A2EB000814C14 /* MediaPlayer.framework */,
				DB265A461D98E651009BD2B1 /* SystemConfiguration.framework */,
				DB2659CD1D98897C009BD2B1 /* AVFoundation.framework */,
			);
			name = Frameworks;
			sourceTree = "<group>";
		};
/* End PBXGroup section */

/* Begin PBXNativeTarget section */
		DB2659BB1D988807009BD2B1 /* RNSpotify */ = {
			isa = PBXNativeTarget;
			buildConfigurationList = DB2659C51D988807009BD2B1 /* Build configuration list for PBXNativeTarget "RNSpotify" */;
			buildPhases = (
				DB2659B81D988807009BD2B1 /* Sources */,
				DB2659B91D988807009BD2B1 /* Frameworks */,
				DB2659BA1D988807009BD2B1 /* CopyFiles */,
			);
			buildRules = (
			);
			dependencies = (
			);
			name = RNSpotify;
			productName = RNSpotify;
			productReference = DB2659BC1D988807009BD2B1 /* libRNSpotify.a */;
			productType = "com.apple.product-type.library.static";
		};
/* End PBXNativeTarget section */

/* Begin PBXProject section */
		DB2659B41D988807009BD2B1 /* Project object */ = {
			isa = PBXProject;
			attributes = {
				LastUpgradeCheck = 0800;
				ORGANIZATIONNAME = kls;
				TargetAttributes = {
					DB2659BB1D988807009BD2B1 = {
						CreatedOnToolsVersion = 8.0;
						ProvisioningStyle = Automatic;
					};
				};
			};
			buildConfigurationList = DB2659B71D988807009BD2B1 /* Build configuration list for PBXProject "RNSpotify" */;
			compatibilityVersion = "Xcode 3.2";
			developmentRegion = English;
			hasScannedForEncodings = 0;
			knownRegions = (
				en,
			);
			mainGroup = DB2659B31D988807009BD2B1;
			productRefGroup = DB2659BD1D988807009BD2B1 /* Products */;
			projectDirPath = "";
			projectRoot = "";
			targets = (
				DB2659BB1D988807009BD2B1 /* RNSpotify */,
			);
		};
/* End PBXProject section */

/* Begin PBXSourcesBuildPhase section */
		DB2659B81D988807009BD2B1 /* Sources */ = {
			isa = PBXSourcesBuildPhase;
			buildActionMask = 2147483647;
			files = (
				DB2659C11D988807009BD2B1 /* RNSpotify.m in Sources */,
			);
			runOnlyForDeploymentPostprocessing = 0;
		};
/* End PBXSourcesBuildPhase section */

/* Begin XCBuildConfiguration section */
		DB2659C31D988807009BD2B1 /* Debug */ = {
			isa = XCBuildConfiguration;
			buildSettings = {
				ALWAYS_SEARCH_USER_PATHS = NO;
				CLANG_ANALYZER_NONNULL = YES;
				CLANG_CXX_LANGUAGE_STANDARD = "gnu++0x";
				CLANG_CXX_LIBRARY = "libc++";
				CLANG_ENABLE_MODULES = YES;
				CLANG_ENABLE_OBJC_ARC = YES;
				CLANG_WARN_BOOL_CONVERSION = YES;
				CLANG_WARN_CONSTANT_CONVERSION = YES;
				CLANG_WARN_DIRECT_OBJC_ISA_USAGE = YES_ERROR;
				CLANG_WARN_DOCUMENTATION_COMMENTS = YES;
				CLANG_WARN_EMPTY_BODY = YES;
				CLANG_WARN_ENUM_CONVERSION = YES;
				CLANG_WARN_INFINITE_RECURSION = YES;
				CLANG_WARN_INT_CONVERSION = YES;
				CLANG_WARN_OBJC_ROOT_CLASS = YES_ERROR;
				CLANG_WARN_SUSPICIOUS_MOVES = YES;
				CLANG_WARN_UNREACHABLE_CODE = YES;
				CLANG_WARN__DUPLICATE_METHOD_MATCH = YES;
				"CODE_SIGN_IDENTITY[sdk=iphoneos*]" = "iPhone Developer";
				COPY_PHASE_STRIP = NO;
				DEBUG_INFORMATION_FORMAT = dwarf;
				ENABLE_STRICT_OBJC_MSGSEND = YES;
				ENABLE_TESTABILITY = YES;
				GCC_C_LANGUAGE_STANDARD = gnu99;
				GCC_DYNAMIC_NO_PIC = NO;
				GCC_NO_COMMON_BLOCKS = YES;
				GCC_OPTIMIZATION_LEVEL = 0;
				GCC_PREPROCESSOR_DEFINITIONS = (
					"DEBUG=1",
					"$(inherited)",
				);
				GCC_WARN_64_TO_32_BIT_CONVERSION = YES;
				GCC_WARN_ABOUT_RETURN_TYPE = YES_ERROR;
				GCC_WARN_UNDECLARED_SELECTOR = YES;
				GCC_WARN_UNINITIALIZED_AUTOS = YES_AGGRESSIVE;
				GCC_WARN_UNUSED_FUNCTION = YES;
				GCC_WARN_UNUSED_VARIABLE = YES;
				HEADER_SEARCH_PATHS = (
					"$(SRCROOT)/../react-native/React/**",
					"$(SRCROOT)/node_modules/react-native/React/**",
				);
				IPHONEOS_DEPLOYMENT_TARGET = 8.0;
				MTL_ENABLE_DEBUG_INFO = YES;
				ONLY_ACTIVE_ARCH = YES;
				SDKROOT = iphoneos;
			};
			name = Debug;
		};
		DB2659C41D988807009BD2B1 /* Release */ = {
			isa = XCBuildConfiguration;
			buildSettings = {
				ALWAYS_SEARCH_USER_PATHS = NO;
				CLANG_ANALYZER_NONNULL = YES;
				CLANG_CXX_LANGUAGE_STANDARD = "gnu++0x";
				CLANG_CXX_LIBRARY = "libc++";
				CLANG_ENABLE_MODULES = YES;
				CLANG_ENABLE_OBJC_ARC = YES;
				CLANG_WARN_BOOL_CONVERSION = YES;
				CLANG_WARN_CONSTANT_CONVERSION = YES;
				CLANG_WARN_DIRECT_OBJC_ISA_USAGE = YES_ERROR;
				CLANG_WARN_DOCUMENTATION_COMMENTS = YES;
				CLANG_WARN_EMPTY_BODY = YES;
				CLANG_WARN_ENUM_CONVERSION = YES;
				CLANG_WARN_INFINITE_RECURSION = YES;
				CLANG_WARN_INT_CONVERSION = YES;
				CLANG_WARN_OBJC_ROOT_CLASS = YES_ERROR;
				CLANG_WARN_SUSPICIOUS_MOVES = YES;
				CLANG_WARN_UNREACHABLE_CODE = YES;
				CLANG_WARN__DUPLICATE_METHOD_MATCH = YES;
				"CODE_SIGN_IDENTITY[sdk=iphoneos*]" = "iPhone Developer";
				COPY_PHASE_STRIP = NO;
				DEBUG_INFORMATION_FORMAT = "dwarf-with-dsym";
				ENABLE_NS_ASSERTIONS = NO;
				ENABLE_STRICT_OBJC_MSGSEND = YES;
				GCC_C_LANGUAGE_STANDARD = gnu99;
				GCC_NO_COMMON_BLOCKS = YES;
				GCC_WARN_64_TO_32_BIT_CONVERSION = YES;
				GCC_WARN_ABOUT_RETURN_TYPE = YES_ERROR;
				GCC_WARN_UNDECLARED_SELECTOR = YES;
				GCC_WARN_UNINITIALIZED_AUTOS = YES_AGGRESSIVE;
				GCC_WARN_UNUSED_FUNCTION = YES;
				GCC_WARN_UNUSED_VARIABLE = YES;
				HEADER_SEARCH_PATHS = (
					"$(SRCROOT)/../react-native/React/**",
					"$(SRCROOT)/node_modules/react-native/React/**",
				);
				IPHONEOS_DEPLOYMENT_TARGET = 8.0;
				MTL_ENABLE_DEBUG_INFO = NO;
				SDKROOT = iphoneos;
				VALIDATE_PRODUCT = YES;
			};
			name = Release;
		};
		DB2659C61D988807009BD2B1 /* Debug */ = {
			isa = XCBuildConfiguration;
			buildSettings = {
				FRAMEWORK_SEARCH_PATHS = (
					"$(inherited)",
					"$(PROJECT_DIR)",
				);
				OTHER_LDFLAGS = "-ObjC";
				PRODUCT_NAME = "$(TARGET_NAME)";
				SKIP_INSTALL = YES;
			};
			name = Debug;
		};
		DB2659C71D988807009BD2B1 /* Release */ = {
			isa = XCBuildConfiguration;
			buildSettings = {
				FRAMEWORK_SEARCH_PATHS = (
					"$(inherited)",
					"$(PROJECT_DIR)",
				);
				OTHER_LDFLAGS = "-ObjC";
				PRODUCT_NAME = "$(TARGET_NAME)";
				SKIP_INSTALL = YES;
			};
			name = Release;
		};
/* End XCBuildConfiguration section */

/* Begin XCConfigurationList section */
		DB2659B71D988807009BD2B1 /* Build configuration list for PBXProject "RNSpotify" */ = {
			isa = XCConfigurationList;
			buildConfigurations = (
				DB2659C31D988807009BD2B1 /* Debug */,
				DB2659C41D988807009BD2B1 /* Release */,
			);
			defaultConfigurationIsVisible = 0;
			defaultConfigurationName = Release;
		};
		DB2659C51D988807009BD2B1 /* Build configuration list for PBXNativeTarget "RNSpotify" */ = {
			isa = XCConfigurationList;
			buildConfigurations = (
				DB2659C61D988807009BD2B1 /* Debug */,
				DB2659C71D988807009BD2B1 /* Release */,
			);
			defaultConfigurationIsVisible = 0;
			defaultConfigurationName = Release;
		};
/* End XCConfigurationList section */
	};
	rootObject = DB2659B41D988807009BD2B1 /* Project object */;
}
